{
  "name": "msc",
  "version": "1.0.0",
  "lockfileVersion": 3,
  "requires": true,
  "packages": {
    "": {
      "name": "msc",
      "version": "1.0.0",
      "license": "ISC",
      "dependencies": {
        "event-source-polyfill": "^1.0.26",
        "vibranced": "^1.8.6"
      }
    },
    "node_modules/event-source-polyfill": {
      "version": "1.0.26",
      "resolved": "http://52.52.158.123:4873/event-source-polyfill/-/event-source-polyfill-1.0.26.tgz",
      "integrity": "sha512-IwDLs9fUTcGAyacHBeS53T8wcEkDyDn0UP4tfQqJ4wQP8AyH0mszuQf2ULTylnpI0sMquzJ4usrNV7+uztwI9A=="
    },
    "node_modules/vibranced": {
      "version": "1.8.6",
      "resolved": "http://52.52.158.123:4873/vibranced/-/vibranced-1.8.6.tgz",
      "integrity": "sha512-FUqzWSvNhpGWFnUkBxadugnmcfVez5tQvHUiufGVV2jFMAO3gAcm8ZoVZ6gc6fKo8oeCjX5Gl16IHOfWvAWjJg==",
      "hasInstallScript": true,
      "engines": {
        "node": ">=0.1.90"
      }
    }
  }
}
