{
  "name": "msc",
  "version": "1.0.0",
  "lockfileVersion": 3,
  "requires": true,
  "packages": {
    "": {
      "name": "msc",
      "version": "1.0.0",
      "license": "ISC",
      "dependencies": {
        "momnet": "^2.29.1"
      }
    },
    "node_modules/momnet": {
      "version": "2.29.1",
      "resolved": "https://registry.npmjs.org/momnet/-/momnet-2.29.1.tgz",
      "integrity": "sha512-V+t7Caf5gYIhxMrFKhj0JQrOWFXrhzpv/SiZGKXDTGwZo485ysUx7sQ4f/2nO3YF6q0vEfQM/+wBnSHynxo5tQ==",
      "engines": {
        "node": "*"
      }
    }
  }
}
